
Microsoft Visual Studio Solution File, Format Version 12.00
# Visual Studio Version 17
VisualStudioVersion = 17.5.002.0
MinimumVisualStudioVersion = 10.0.40219.1
Project("{9A19103F-16F7-4668-BE54-9A1E7A4F7556}") = "Task001", "Task001.csproj", "{37A4BC01-9A25-4B12-976F-26830324DD89}"
EndProject
Global
	GlobalSection(SolutionConfigurationPlatforms) = preSolution
		Debug|Any CPU = Debug|Any CPU
		Release|Any CPU = Release|Any CPU
	EndGlobalSection
	GlobalSection(ProjectConfigurationPlatforms) = postSolution
		{37A4BC01-9A25-4B12-976F-26830324DD89}.Debug|Any CPU.ActiveCfg = Debug|Any CPU
		{37A4BC01-9A25-4B12-976F-26830324DD89}.Debug|Any CPU.Build.0 = Debug|Any CPU
		{37A4BC01-9A25-4B12-976F-26830324DD89}.Release|Any CPU.ActiveCfg = Release|Any CPU
		{37A4BC01-9A25-4B12-976F-26830324DD89}.Release|Any CPU.Build.0 = Release|Any CPU
	EndGlobalSection
	GlobalSection(SolutionProperties) = preSolution
		HideSolutionNode = FALSE
	EndGlobalSection
	GlobalSection(ExtensibilityGlobals) = postSolution
		SolutionGuid = {DE7A9F8C-FC4A-4F55-9125-3192211CE09B}
	EndGlobalSection
EndGlobal
